
Microsoft Visual Studio Solution File, Format Version 12.00
# Visual Studio 15
VisualStudioVersion = 15.0.28306.52
MinimumVisualStudioVersion = 10.0.40219.1
Project("{FAE04EC0-301F-11D3-BF4B-00C04F79EFBC}") = "DataAnalysis", "DataAnalysis\DataAnalysis.csproj", "{4109E0C8-7DFB-4538-AFD0-701A18A933CD}"
EndProject
Global
	GlobalSection(SolutionConfigurationPlatforms) = preSolution
		Debug|Any CPU = Debug|Any CPU
		Release|Any CPU = Release|Any CPU
	EndGlobalSection
	GlobalSection(ProjectConfigurationPlatforms) = postSolution
		{4109E0C8-7DFB-4538-AFD0-701A18A933CD}.Debug|Any CPU.ActiveCfg = Debug|Any CPU
		{4109E0C8-7DFB-4538-AFD0-701A18A933CD}.Debug|Any CPU.Build.0 = Debug|Any CPU
		{4109E0C8-7DFB-4538-AFD0-701A18A933CD}.Release|Any CPU.ActiveCfg = Release|Any CPU
		{4109E0C8-7DFB-4538-AFD0-701A18A933CD}.Release|Any CPU.Build.0 = Release|Any CPU
	EndGlobalSection
	GlobalSection(SolutionProperties) = preSolution
		HideSolutionNode = FALSE
	EndGlobalSection
	GlobalSection(ExtensibilityGlobals) = postSolution
		SolutionGuid = {EED72A23-FD3D-4B7A-80D6-AE5C1E39D9ED}
	EndGlobalSection
EndGlobal
